// !$*UTF8*$!
{
	archiveVersion = 1;
	classes = {
	};
	objectVersion = 56;
	objects = {

/* Begin PBXBuildFile section */
		025B206A28EF239C0012311A /* Classified.swift in Sources */ = {isa = PBXBuildFile; fileRef = 025B206928EF239C0012311A /* Classified.swift */; };
		025B206C28EF25D00012311A /* DesignSystem.swift in Sources */ = {isa = PBXBuildFile; fileRef = 025B206B28EF25D00012311A /* DesignSystem.swift */; };
		0276FB2028F07C7200E8663C /* SourceSansPro-Bold.ttf in Resources */ = {isa = PBXBuildFile; fileRef = 0276FB1A28F07C7200E8663C /* SourceSansPro-Bold.ttf */; };
		0276FB2128F07C7200E8663C /* SourceSansPro-Light.ttf in Resources */ = {isa = PBXBuildFile; fileRef = 0276FB1B28F07C7200E8663C /* SourceSansPro-Light.ttf */; };
		0276FB2228F07C7200E8663C /* SourceSansPro-Regular.ttf in Resources */ = {isa = PBXBuildFile; fileRef = 0276FB1C28F07C7200E8663C /* SourceSansPro-Regular.ttf */; };
		0276FB2328F07C7200E8663C /* SourceSansPro-Semibold.ttf in Resources */ = {isa = PBXBuildFile; fileRef = 0276FB1D28F07C7200E8663C /* SourceSansPro-Semibold.ttf */; };
		0276FB2428F07C7200E8663C /* SourceSansPro-Italic.ttf in Resources */ = {isa = PBXBuildFile; fileRef = 0276FB1E28F07C7200E8663C /* SourceSansPro-Italic.ttf */; };
		0276FB2528F07C7200E8663C /* SourceSansPro-SemiboldItalic.ttf in Resources */ = {isa = PBXBuildFile; fileRef = 0276FB1F28F07C7200E8663C /* SourceSansPro-SemiboldItalic.ttf */; };
		02B97DD028E73702002463AC /* CustomVStack.swift in Sources */ = {isa = PBXBuildFile; fileRef = 02B97DCF28E73702002463AC /* CustomVStack.swift */; };
		02E31EE328E48C5200C652F6 /* workshop_oneApp.swift in Sources */ = {isa = PBXBuildFile; fileRef = 02E31EE228E48C5200C652F6 /* workshop_oneApp.swift */; };
		02E31EE728E48C5400C652F6 /* Assets.xcassets in Resources */ = {isa = PBXBuildFile; fileRef = 02E31EE628E48C5400C652F6 /* Assets.xcassets */; };
		02E31EEA28E48C5400C652F6 /* Preview Assets.xcassets in Resources */ = {isa = PBXBuildFile; fileRef = 02E31EE928E48C5400C652F6 /* Preview Assets.xcassets */; };
		02E31EF128E48CA400C652F6 /* ClassifiedListView.swift in Sources */ = {isa = PBXBuildFile; fileRef = 02E31EF028E48CA400C652F6 /* ClassifiedListView.swift */; };
		02E31EF328E4932F00C652F6 /* ClassifiedListItem.swift in Sources */ = {isa = PBXBuildFile; fileRef = 02E31EF228E4932F00C652F6 /* ClassifiedListItem.swift */; };
		02E31EF528E498D800C652F6 /* ClassifiedDetail.swift in Sources */ = {isa = PBXBuildFile; fileRef = 02E31EF428E498D800C652F6 /* ClassifiedDetail.swift */; };
		1ADB4AF628F7E3CA00F73E57 /* MainActionButtonStyle.swift in Sources */ = {isa = PBXBuildFile; fileRef = 1ADB4AF528F7E3CA00F73E57 /* MainActionButtonStyle.swift */; };
		1ADB4AF828F7E43D00F73E57 /* FavoriteButton.swift in Sources */ = {isa = PBXBuildFile; fileRef = 1ADB4AF728F7E43D00F73E57 /* FavoriteButton.swift */; };
		1ADB4AFA28F7E47600F73E57 /* ImageView.swift in Sources */ = {isa = PBXBuildFile; fileRef = 1ADB4AF928F7E47600F73E57 /* ImageView.swift */; };
		1ADB4AFC28F80A5400F73E57 /* ClassifiedService.swift in Sources */ = {isa = PBXBuildFile; fileRef = 1ADB4AFB28F80A5400F73E57 /* ClassifiedService.swift */; };
		1ADE40CB292FDCDD00CCD1F7 /* MyLabel.swift in Sources */ = {isa = PBXBuildFile; fileRef = 1ADE40CA292FDCDD00CCD1F7 /* MyLabel.swift */; };
		1AF7D6A72923AA3600E00853 /* PreferenceKeyDemo.swift in Sources */ = {isa = PBXBuildFile; fileRef = 1AF7D6A62923AA3600E00853 /* PreferenceKeyDemo.swift */; };
/* End PBXBuildFile section */

/* Begin PBXFileReference section */
		025B206928EF239C0012311A /* Classified.swift */ = {isa = PBXFileReference; lastKnownFileType = sourcecode.swift; path = Classified.swift; sourceTree = "<group>"; };
		025B206B28EF25D00012311A /* DesignSystem.swift */ = {isa = PBXFileReference; lastKnownFileType = sourcecode.swift; path = DesignSystem.swift; sourceTree = "<group>"; };
		0276FB1928F07C1F00E8663C /* workshop-one-Info.plist */ = {isa = PBXFileReference; lastKnownFileType = text.plist; path = "workshop-one-Info.plist"; sourceTree = SOURCE_ROOT; };
		0276FB1A28F07C7200E8663C /* SourceSansPro-Bold.ttf */ = {isa = PBXFileReference; lastKnownFileType = file; path = "SourceSansPro-Bold.ttf"; sourceTree = "<group>"; };
		0276FB1B28F07C7200E8663C /* SourceSansPro-Light.ttf */ = {isa = PBXFileReference; lastKnownFileType = file; path = "SourceSansPro-Light.ttf"; sourceTree = "<group>"; };
		0276FB1C28F07C7200E8663C /* SourceSansPro-Regular.ttf */ = {isa = PBXFileReference; lastKnownFileType = file; path = "SourceSansPro-Regular.ttf"; sourceTree = "<group>"; };
		0276FB1D28F07C7200E8663C /* SourceSansPro-Semibold.ttf */ = {isa = PBXFileReference; lastKnownFileType = file; path = "SourceSansPro-Semibold.ttf"; sourceTree = "<group>"; };
		0276FB1E28F07C7200E8663C /* SourceSansPro-Italic.ttf */ = {isa = PBXFileReference; lastKnownFileType = file; path = "SourceSansPro-Italic.ttf"; sourceTree = "<group>"; };
		0276FB1F28F07C7200E8663C /* SourceSansPro-SemiboldItalic.ttf */ = {isa = PBXFileReference; lastKnownFileType = file; path = "SourceSansPro-SemiboldItalic.ttf"; sourceTree = "<group>"; };
		02B97DCF28E73702002463AC /* CustomVStack.swift */ = {isa = PBXFileReference; lastKnownFileType = sourcecode.swift; path = CustomVStack.swift; sourceTree = "<group>"; };
		02E31EDF28E48C5200C652F6 /* workshop_one.app */ = {isa = PBXFileReference; explicitFileType = wrapper.application; includeInIndex = 0; path = workshop_one.app; sourceTree = BUILT_PRODUCTS_DIR; };
		02E31EE228E48C5200C652F6 /* workshop_oneApp.swift */ = {isa = PBXFileReference; lastKnownFileType = sourcecode.swift; path = workshop_oneApp.swift; sourceTree = "<group>"; };
		02E31EE628E48C5400C652F6 /* Assets.xcassets */ = {isa = PBXFileReference; lastKnownFileType = folder.assetcatalog; path = Assets.xcassets; sourceTree = "<group>"; };
		02E31EE928E48C5400C652F6 /* Preview Assets.xcassets */ = {isa = PBXFileReference; lastKnownFileType = folder.assetcatalog; path = "Preview Assets.xcassets"; sourceTree = "<group>"; };
		02E31EF028E48CA400C652F6 /* ClassifiedListView.swift */ = {isa = PBXFileReference; lastKnownFileType = sourcecode.swift; path = ClassifiedListView.swift; sourceTree = "<group>"; };
		02E31EF228E4932F00C652F6 /* ClassifiedListItem.swift */ = {isa = PBXFileReference; lastKnownFileType = sourcecode.swift; path = ClassifiedListItem.swift; sourceTree = "<group>"; };
		02E31EF428E498D800C652F6 /* ClassifiedDetail.swift */ = {isa = PBXFileReference; lastKnownFileType = sourcecode.swift; path = ClassifiedDetail.swift; sourceTree = "<group>"; };
		1ADB4AF528F7E3CA00F73E57 /* MainActionButtonStyle.swift */ = {isa = PBXFileReference; lastKnownFileType = sourcecode.swift; path = MainActionButtonStyle.swift; sourceTree = "<group>"; };
		1ADB4AF728F7E43D00F73E57 /* FavoriteButton.swift */ = {isa = PBXFileReference; lastKnownFileType = sourcecode.swift; path = FavoriteButton.swift; sourceTree = "<group>"; };
		1ADB4AF928F7E47600F73E57 /* ImageView.swift */ = {isa = PBXFileReference; lastKnownFileType = sourcecode.swift; path = ImageView.swift; sourceTree = "<group>"; };
		1ADB4AFB28F80A5400F73E57 /* ClassifiedService.swift */ = {isa = PBXFileReference; lastKnownFileType = sourcecode.swift; path = ClassifiedService.swift; sourceTree = "<group>"; };
		1ADE40CA292FDCDD00CCD1F7 /* MyLabel.swift */ = {isa = PBXFileReference; lastKnownFileType = sourcecode.swift; path = MyLabel.swift; sourceTree = "<group>"; };
		1AF7D6A62923AA3600E00853 /* PreferenceKeyDemo.swift */ = {isa = PBXFileReference; fileEncoding = 4; lastKnownFileType = sourcecode.swift; name = PreferenceKeyDemo.swift; path = workshop_one/Views/PreferenceKeyDemo.swift; sourceTree = SOURCE_ROOT; };
/* End PBXFileReference section */

/* Begin PBXFrameworksBuildPhase section */
		02E31EDC28E48C5200C652F6 /* Frameworks */ = {
			isa = PBXFrameworksBuildPhase;
			buildActionMask = 2147483647;
			files = (
			);
			runOnlyForDeploymentPostprocessing = 0;
		};
/* End PBXFrameworksBuildPhase section */

/* Begin PBXGroup section */
		025B206728EF237F0012311A /* Model */ = {
			isa = PBXGroup;
			children = (
				025B206928EF239C0012311A /* Classified.swift */,
				1ADB4AFB28F80A5400F73E57 /* ClassifiedService.swift */,
			);
			path = Model;
			sourceTree = "<group>";
		};
		025B206828EF23830012311A /* DesignSystem */ = {
			isa = PBXGroup;
			children = (
				025B206B28EF25D00012311A /* DesignSystem.swift */,
			);
			path = DesignSystem;
			sourceTree = "<group>";
		};
		025B206D28EF26820012311A /* Resources */ = {
			isa = PBXGroup;
			children = (
				02E31EE628E48C5400C652F6 /* Assets.xcassets */,
				0276FB1A28F07C7200E8663C /* SourceSansPro-Bold.ttf */,
				0276FB1E28F07C7200E8663C /* SourceSansPro-Italic.ttf */,
				0276FB1B28F07C7200E8663C /* SourceSansPro-Light.ttf */,
				0276FB1C28F07C7200E8663C /* SourceSansPro-Regular.ttf */,
				0276FB1D28F07C7200E8663C /* SourceSansPro-Semibold.ttf */,
				0276FB1F28F07C7200E8663C /* SourceSansPro-SemiboldItalic.ttf */,
			);
			path = Resources;
			sourceTree = "<group>";
		};
		025B207C28EF289B0012311A /* Views */ = {
			isa = PBXGroup;
			children = (
				027BAC79291C0724008C9EC1 /* Classified */,
			);
			path = Views;
			sourceTree = "<group>";
		};
		027BAC79291C0724008C9EC1 /* Classified */ = {
			isa = PBXGroup;
			children = (
				02E31EF028E48CA400C652F6 /* ClassifiedListView.swift */,
				02E31EF228E4932F00C652F6 /* ClassifiedListItem.swift */,
				1ADB4AF928F7E47600F73E57 /* ImageView.swift */,
				1ADB4AF728F7E43D00F73E57 /* FavoriteButton.swift */,
				1AF7D6A62923AA3600E00853 /* PreferenceKeyDemo.swift */,
				02E31EF428E498D800C652F6 /* ClassifiedDetail.swift */,
				02B97DCF28E73702002463AC /* CustomVStack.swift */,
				1ADE40CA292FDCDD00CCD1F7 /* MyLabel.swift */,
				1ADB4AF528F7E3CA00F73E57 /* MainActionButtonStyle.swift */,
			);
			path = Classified;
			sourceTree = "<group>";
		};
		02E31ED628E48C5200C652F6 = {
			isa = PBXGroup;
			children = (
				02E31EE128E48C5200C652F6 /* workshop_one */,
				02E31EE028E48C5200C652F6 /* Products */,
			);
			sourceTree = "<group>";
		};
		02E31EE028E48C5200C652F6 /* Products */ = {
			isa = PBXGroup;
			children = (
				02E31EDF28E48C5200C652F6 /* workshop_one.app */,
			);
			name = Products;
			sourceTree = "<group>";
		};
		02E31EE128E48C5200C652F6 /* workshop_one */ = {
			isa = PBXGroup;
			children = (
				0276FB1928F07C1F00E8663C /* workshop-one-Info.plist */,
				025B206D28EF26820012311A /* Resources */,
				025B206828EF23830012311A /* DesignSystem */,
				025B206728EF237F0012311A /* Model */,
				025B207C28EF289B0012311A /* Views */,
				02E31EE228E48C5200C652F6 /* workshop_oneApp.swift */,
				02E31EE828E48C5400C652F6 /* Preview Content */,
			);
			path = workshop_one;
			sourceTree = "<group>";
		};
		02E31EE828E48C5400C652F6 /* Preview Content */ = {
			isa = PBXGroup;
			children = (
				02E31EE928E48C5400C652F6 /* Preview Assets.xcassets */,
			);
			path = "Preview Content";
			sourceTree = "<group>";
		};
/* End PBXGroup section */

/* Begin PBXNativeTarget section */
		02E31EDE28E48C5200C652F6 /* workshop_one */ = {
			isa = PBXNativeTarget;
			buildConfigurationList = 02E31EED28E48C5400C652F6 /* Build configuration list for PBXNativeTarget "workshop_one" */;
			buildPhases = (
				02E31EDB28E48C5200C652F6 /* Sources */,
				02E31EDC28E48C5200C652F6 /* Frameworks */,
				02E31EDD28E48C5200C652F6 /* Resources */,
			);
			buildRules = (
			);
			dependencies = (
			);
			name = workshop_one;
			productName = workshop_one;
			productReference = 02E31EDF28E48C5200C652F6 /* workshop_one.app */;
			productType = "com.apple.product-type.application";
		};
/* End PBXNativeTarget section */

/* Begin PBXProject section */
		02E31ED728E48C5200C652F6 /* Project object */ = {
			isa = PBXProject;
			attributes = {
				BuildIndependentTargetsInParallel = 1;
				LastSwiftUpdateCheck = 1400;
				LastUpgradeCheck = 1400;
				TargetAttributes = {
					02E31EDE28E48C5200C652F6 = {
						CreatedOnToolsVersion = 14.0;
					};
				};
			};
			buildConfigurationList = 02E31EDA28E48C5200C652F6 /* Build configuration list for PBXProject "workshop_one" */;
			compatibilityVersion = "Xcode 14.0";
			developmentRegion = en;
			hasScannedForEncodings = 0;
			knownRegions = (
				en,
				Base,
			);
			mainGroup = 02E31ED628E48C5200C652F6;
			productRefGroup = 02E31EE028E48C5200C652F6 /* Products */;
			projectDirPath = "";
			projectRoot = "";
			targets = (
				02E31EDE28E48C5200C652F6 /* workshop_one */,
			);
		};
/* End PBXProject section */

/* Begin PBXResourcesBuildPhase section */
		02E31EDD28E48C5200C652F6 /* Resources */ = {
			isa = PBXResourcesBuildPhase;
			buildActionMask = 2147483647;
			files = (
				02E31EEA28E48C5400C652F6 /* Preview Assets.xcassets in Resources */,
				02E31EE728E48C5400C652F6 /* Assets.xcassets in Resources */,
				0276FB2328F07C7200E8663C /* SourceSansPro-Semibold.ttf in Resources */,
				0276FB2528F07C7200E8663C /* SourceSansPro-SemiboldItalic.ttf in Resources */,
				0276FB2128F07C7200E8663C /* SourceSansPro-Light.ttf in Resources */,
				0276FB2028F07C7200E8663C /* SourceSansPro-Bold.ttf in Resources */,
				0276FB2428F07C7200E8663C /* SourceSansPro-Italic.ttf in Resources */,
				0276FB2228F07C7200E8663C /* SourceSansPro-Regular.ttf in Resources */,
			);
			runOnlyForDeploymentPostprocessing = 0;
		};
/* End PBXResourcesBuildPhase section */

/* Begin PBXSourcesBuildPhase section */
		02E31EDB28E48C5200C652F6 /* Sources */ = {
			isa = PBXSourcesBuildPhase;
			buildActionMask = 2147483647;
			files = (
				1ADB4AFA28F7E47600F73E57 /* ImageView.swift in Sources */,
				02B97DD028E73702002463AC /* CustomVStack.swift in Sources */,
				02E31EF128E48CA400C652F6 /* ClassifiedListView.swift in Sources */,
				025B206A28EF239C0012311A /* Classified.swift in Sources */,
				1ADE40CB292FDCDD00CCD1F7 /* MyLabel.swift in Sources */,
				1AF7D6A72923AA3600E00853 /* PreferenceKeyDemo.swift in Sources */,
				1ADB4AF828F7E43D00F73E57 /* FavoriteButton.swift in Sources */,
				02E31EF328E4932F00C652F6 /* ClassifiedListItem.swift in Sources */,
				025B206C28EF25D00012311A /* DesignSystem.swift in Sources */,
				1ADB4AFC28F80A5400F73E57 /* ClassifiedService.swift in Sources */,
				02E31EF528E498D800C652F6 /* ClassifiedDetail.swift in Sources */,
				1ADB4AF628F7E3CA00F73E57 /* MainActionButtonStyle.swift in Sources */,
				02E31EE328E48C5200C652F6 /* workshop_oneApp.swift in Sources */,
			);
			runOnlyForDeploymentPostprocessing = 0;
		};
/* End PBXSourcesBuildPhase section */

/* Begin XCBuildConfiguration section */
		02E31EEB28E48C5400C652F6 /* Debug */ = {
			isa = XCBuildConfiguration;
			buildSettings = {
				ALWAYS_SEARCH_USER_PATHS = NO;
				CLANG_ANALYZER_NONNULL = YES;
				CLANG_ANALYZER_NUMBER_OBJECT_CONVERSION = YES_AGGRESSIVE;
				CLANG_CXX_LANGUAGE_STANDARD = "gnu++20";
				CLANG_ENABLE_MODULES = YES;
				CLANG_ENABLE_OBJC_ARC = YES;
				CLANG_ENABLE_OBJC_WEAK = YES;
				CLANG_WARN_BLOCK_CAPTURE_AUTORELEASING = YES;
				CLANG_WARN_BOOL_CONVERSION = YES;
				CLANG_WARN_COMMA = YES;
				CLANG_WARN_CONSTANT_CONVERSION = YES;
				CLANG_WARN_DEPRECATED_OBJC_IMPLEMENTATIONS = YES;
				CLANG_WARN_DIRECT_OBJC_ISA_USAGE = YES_ERROR;
				CLANG_WARN_DOCUMENTATION_COMMENTS = YES;
				CLANG_WARN_EMPTY_BODY = YES;
				CLANG_WARN_ENUM_CONVERSION = YES;
				CLANG_WARN_INFINITE_RECURSION = YES;
				CLANG_WARN_INT_CONVERSION = YES;
				CLANG_WARN_NON_LITERAL_NULL_CONVERSION = YES;
				CLANG_WARN_OBJC_IMPLICIT_RETAIN_SELF = YES;
				CLANG_WARN_OBJC_LITERAL_CONVERSION = YES;
				CLANG_WARN_OBJC_ROOT_CLASS = YES_ERROR;
				CLANG_WARN_QUOTED_INCLUDE_IN_FRAMEWORK_HEADER = YES;
				CLANG_WARN_RANGE_LOOP_ANALYSIS = YES;
				CLANG_WARN_STRICT_PROTOTYPES = YES;
				CLANG_WARN_SUSPICIOUS_MOVE = YES;
				CLANG_WARN_UNGUARDED_AVAILABILITY = YES_AGGRESSIVE;
				CLANG_WARN_UNREACHABLE_CODE = YES;
				CLANG_WARN__DUPLICATE_METHOD_MATCH = YES;
				COPY_PHASE_STRIP = NO;
				DEBUG_INFORMATION_FORMAT = dwarf;
				ENABLE_STRICT_OBJC_MSGSEND = YES;
				ENABLE_TESTABILITY = YES;
				GCC_C_LANGUAGE_STANDARD = gnu11;
				GCC_DYNAMIC_NO_PIC = NO;
				GCC_NO_COMMON_BLOCKS = YES;
				GCC_OPTIMIZATION_LEVEL = 0;
				GCC_PREPROCESSOR_DEFINITIONS = (
					"DEBUG=1",
					"$(inherited)",
				);
				GCC_WARN_64_TO_32_BIT_CONVERSION = YES;
				GCC_WARN_ABOUT_RETURN_TYPE = YES_ERROR;
				GCC_WARN_UNDECLARED_SELECTOR = YES;
				GCC_WARN_UNINITIALIZED_AUTOS = YES_AGGRESSIVE;
				GCC_WARN_UNUSED_FUNCTION = YES;
				GCC_WARN_UNUSED_VARIABLE = YES;
				IPHONEOS_DEPLOYMENT_TARGET = 16.0;
				MTL_ENABLE_DEBUG_INFO = INCLUDE_SOURCE;
				MTL_FAST_MATH = YES;
				ONLY_ACTIVE_ARCH = YES;
				SDKROOT = iphoneos;
				SWIFT_ACTIVE_COMPILATION_CONDITIONS = DEBUG;
				SWIFT_OPTIMIZATION_LEVEL = "-Onone";
			};
			name = Debug;
		};
		02E31EEC28E48C5400C652F6 /* Release */ = {
			isa = XCBuildConfiguration;
			buildSettings = {
				ALWAYS_SEARCH_USER_PATHS = NO;
				CLANG_ANALYZER_NONNULL = YES;
				CLANG_ANALYZER_NUMBER_OBJECT_CONVERSION = YES_AGGRESSIVE;
				CLANG_CXX_LANGUAGE_STANDARD = "gnu++20";
				CLANG_ENABLE_MODULES = YES;
				CLANG_ENABLE_OBJC_ARC = YES;
				CLANG_ENABLE_OBJC_WEAK = YES;
				CLANG_WARN_BLOCK_CAPTURE_AUTORELEASING = YES;
				CLANG_WARN_BOOL_CONVERSION = YES;
				CLANG_WARN_COMMA = YES;
				CLANG_WARN_CONSTANT_CONVERSION = YES;
				CLANG_WARN_DEPRECATED_OBJC_IMPLEMENTATIONS = YES;
				CLANG_WARN_DIRECT_OBJC_ISA_USAGE = YES_ERROR;
				CLANG_WARN_DOCUMENTATION_COMMENTS = YES;
				CLANG_WARN_EMPTY_BODY = YES;
				CLANG_WARN_ENUM_CONVERSION = YES;
				CLANG_WARN_INFINITE_RECURSION = YES;
				CLANG_WARN_INT_CONVERSION = YES;
				CLANG_WARN_NON_LITERAL_NULL_CONVERSION = YES;
				CLANG_WARN_OBJC_IMPLICIT_RETAIN_SELF = YES;
				CLANG_WARN_OBJC_LITERAL_CONVERSION = YES;
				CLANG_WARN_OBJC_ROOT_CLASS = YES_ERROR;
				CLANG_WARN_QUOTED_INCLUDE_IN_FRAMEWORK_HEADER = YES;
				CLANG_WARN_RANGE_LOOP_ANALYSIS = YES;
				CLANG_WARN_STRICT_PROTOTYPES = YES;
				CLANG_WARN_SUSPICIOUS_MOVE = YES;
				CLANG_WARN_UNGUARDED_AVAILABILITY = YES_AGGRESSIVE;
				CLANG_WARN_UNREACHABLE_CODE = YES;
				CLANG_WARN__DUPLICATE_METHOD_MATCH = YES;
				COPY_PHASE_STRIP = NO;
				DEBUG_INFORMATION_FORMAT = "dwarf-with-dsym";
				ENABLE_NS_ASSERTIONS = NO;
				ENABLE_STRICT_OBJC_MSGSEND = YES;
				GCC_C_LANGUAGE_STANDARD = gnu11;
				GCC_NO_COMMON_BLOCKS = YES;
				GCC_WARN_64_TO_32_BIT_CONVERSION = YES;
				GCC_WARN_ABOUT_RETURN_TYPE = YES_ERROR;
				GCC_WARN_UNDECLARED_SELECTOR = YES;
				GCC_WARN_UNINITIALIZED_AUTOS = YES_AGGRESSIVE;
				GCC_WARN_UNUSED_FUNCTION = YES;
				GCC_WARN_UNUSED_VARIABLE = YES;
				IPHONEOS_DEPLOYMENT_TARGET = 16.0;
				MTL_ENABLE_DEBUG_INFO = NO;
				MTL_FAST_MATH = YES;
				SDKROOT = iphoneos;
				SWIFT_COMPILATION_MODE = wholemodule;
				SWIFT_OPTIMIZATION_LEVEL = "-O";
				VALIDATE_PRODUCT = YES;
			};
			name = Release;
		};
		02E31EEE28E48C5400C652F6 /* Debug */ = {
			isa = XCBuildConfiguration;
			buildSettings = {
				ASSETCATALOG_COMPILER_APPICON_NAME = AppIcon;
				ASSETCATALOG_COMPILER_GLOBAL_ACCENT_COLOR_NAME = AccentColor;
				CODE_SIGN_STYLE = Automatic;
				CURRENT_PROJECT_VERSION = 1;
				DEVELOPMENT_ASSET_PATHS = "\"workshop_one/Preview Content\"";
				ENABLE_PREVIEWS = YES;
				GENERATE_INFOPLIST_FILE = YES;
				INFOPLIST_FILE = "workshop-one-Info.plist";
				INFOPLIST_KEY_UIApplicationSceneManifest_Generation = YES;
				INFOPLIST_KEY_UIApplicationSupportsIndirectInputEvents = YES;
				INFOPLIST_KEY_UILaunchScreen_Generation = YES;
				INFOPLIST_KEY_UISupportedInterfaceOrientations_iPad = "UIInterfaceOrientationPortrait UIInterfaceOrientationPortraitUpsideDown UIInterfaceOrientationLandscapeLeft UIInterfaceOrientationLandscapeRight";
				INFOPLIST_KEY_UISupportedInterfaceOrientations_iPhone = "UIInterfaceOrientationPortrait UIInterfaceOrientationLandscapeLeft UIInterfaceOrientationLandscapeRight";
				LD_RUNPATH_SEARCH_PATHS = (
					"$(inherited)",
					"@executable_path/Frameworks",
				);
				MARKETING_VERSION = 1.0;
				PRODUCT_BUNDLE_IDENTIFIER = "com.aviv.workshop-one";
				PRODUCT_NAME = "$(TARGET_NAME)";
				SWIFT_EMIT_LOC_STRINGS = YES;
				SWIFT_VERSION = 5.0;
				TARGETED_DEVICE_FAMILY = "1,2";
			};
			name = Debug;
		};
		02E31EEF28E48C5400C652F6 /* Release */ = {
			isa = XCBuildConfiguration;
			buildSettings = {
				ASSETCATALOG_COMPILER_APPICON_NAME = AppIcon;
				ASSETCATALOG_COMPILER_GLOBAL_ACCENT_COLOR_NAME = AccentColor;
				CODE_SIGN_STYLE = Automatic;
				CURRENT_PROJECT_VERSION = 1;
				DEVELOPMENT_ASSET_PATHS = "\"workshop_one/Preview Content\"";
				ENABLE_PREVIEWS = YES;
				GENERATE_INFOPLIST_FILE = YES;
				INFOPLIST_FILE = "workshop-one-Info.plist";
				INFOPLIST_KEY_UIApplicationSceneManifest_Generation = YES;
				INFOPLIST_KEY_UIApplicationSupportsIndirectInputEvents = YES;
				INFOPLIST_KEY_UILaunchScreen_Generation = YES;
				INFOPLIST_KEY_UISupportedInterfaceOrientations_iPad = "UIInterfaceOrientationPortrait UIInterfaceOrientationPortraitUpsideDown UIInterfaceOrientationLandscapeLeft UIInterfaceOrientationLandscapeRight";
				INFOPLIST_KEY_UISupportedInterfaceOrientations_iPhone = "UIInterfaceOrientationPortrait UIInterfaceOrientationLandscapeLeft UIInterfaceOrientationLandscapeRight";
				LD_RUNPATH_SEARCH_PATHS = (
					"$(inherited)",
					"@executable_path/Frameworks",
				);
				MARKETING_VERSION = 1.0;
				PRODUCT_BUNDLE_IDENTIFIER = "com.aviv.workshop-one";
				PRODUCT_NAME = "$(TARGET_NAME)";
				SWIFT_EMIT_LOC_STRINGS = YES;
				SWIFT_VERSION = 5.0;
				TARGETED_DEVICE_FAMILY = "1,2";
			};
			name = Release;
		};
/* End XCBuildConfiguration section */

/* Begin XCConfigurationList section */
		02E31EDA28E48C5200C652F6 /* Build configuration list for PBXProject "workshop_one" */ = {
			isa = XCConfigurationList;
			buildConfigurations = (
				02E31EEB28E48C5400C652F6 /* Debug */,
				02E31EEC28E48C5400C652F6 /* Release */,
			);
			defaultConfigurationIsVisible = 0;
			defaultConfigurationName = Release;
		};
		02E31EED28E48C5400C652F6 /* Build configuration list for PBXNativeTarget "workshop_one" */ = {
			isa = XCConfigurationList;
			buildConfigurations = (
				02E31EEE28E48C5400C652F6 /* Debug */,
				02E31EEF28E48C5400C652F6 /* Release */,
			);
			defaultConfigurationIsVisible = 0;
			defaultConfigurationName = Release;
		};
/* End XCConfigurationList section */
	};
	rootObject = 02E31ED728E48C5200C652F6 /* Project object */;
}
